
Microsoft Visual Studio Solution File, Format Version 12.00
# Visual Studio Version 17
VisualStudioVersion = 17.3.32922.545
MinimumVisualStudioVersion = 10.0.40219.1
Project("{FAE04EC0-301F-11D3-BF4B-00C04F79EFBC}") = "Vista", "Vista\Vista.csproj", "{916B56A5-2614-4654-9415-C5D8142658CE}"
EndProject
Project("{FAE04EC0-301F-11D3-BF4B-00C04F79EFBC}") = "Datos", "Datos\Datos.csproj", "{BADB964F-264A-4B15-8C90-731DA927E504}"
EndProject
Project("{FAE04EC0-301F-11D3-BF4B-00C04F79EFBC}") = "Entidades", "Entidades\Entidades.csproj", "{57F9EE82-C893-4231-8A77-F2342F5AB49A}"
EndProject
Global
	GlobalSection(SolutionConfigurationPlatforms) = preSolution
		Debug|Any CPU = Debug|Any CPU
		Release|Any CPU = Release|Any CPU
	EndGlobalSection
	GlobalSection(ProjectConfigurationPlatforms) = postSolution
		{916B56A5-2614-4654-9415-C5D8142658CE}.Debug|Any CPU.ActiveCfg = Debug|Any CPU
		{916B56A5-2614-4654-9415-C5D8142658CE}.Debug|Any CPU.Build.0 = Debug|Any CPU
		{916B56A5-2614-4654-9415-C5D8142658CE}.Release|Any CPU.ActiveCfg = Release|Any CPU
		{916B56A5-2614-4654-9415-C5D8142658CE}.Release|Any CPU.Build.0 = Release|Any CPU
		{BADB964F-264A-4B15-8C90-731DA927E504}.Debug|Any CPU.ActiveCfg = Debug|Any CPU
		{BADB964F-264A-4B15-8C90-731DA927E504}.Debug|Any CPU.Build.0 = Debug|Any CPU
		{BADB964F-264A-4B15-8C90-731DA927E504}.Release|Any CPU.ActiveCfg = Release|Any CPU
		{BADB964F-264A-4B15-8C90-731DA927E504}.Release|Any CPU.Build.0 = Release|Any CPU
		{57F9EE82-C893-4231-8A77-F2342F5AB49A}.Debug|Any CPU.ActiveCfg = Debug|Any CPU
		{57F9EE82-C893-4231-8A77-F2342F5AB49A}.Debug|Any CPU.Build.0 = Debug|Any CPU
		{57F9EE82-C893-4231-8A77-F2342F5AB49A}.Release|Any CPU.ActiveCfg = Release|Any CPU
		{57F9EE82-C893-4231-8A77-F2342F5AB49A}.Release|Any CPU.Build.0 = Release|Any CPU
	EndGlobalSection
	GlobalSection(SolutionProperties) = preSolution
		HideSolutionNode = FALSE
	EndGlobalSection
	GlobalSection(ExtensibilityGlobals) = postSolution
		SolutionGuid = {0FD5A4D4-8C72-4D88-A5A1-CB4FD261C8E6}
	EndGlobalSection
EndGlobal
